
Microsoft Visual Studio Solution File, Format Version 12.00
# Visual Studio Version 17
VisualStudioVersion = 17.14.36623.8 d17.14
MinimumVisualStudioVersion = 10.0.40219.1
Project("{FAE04EC0-301F-11D3-BF4B-00C04F79EFBC}") = "Day3Task2", "Day3Task2\Day3Task2.csproj", "{169FCD84-5AC8-4A8F-9E75-C7EE921E35BB}"
EndProject
Global
	GlobalSection(SolutionConfigurationPlatforms) = preSolution
		Debug|Any CPU = Debug|Any CPU
		Release|Any CPU = Release|Any CPU
	EndGlobalSection
	GlobalSection(ProjectConfigurationPlatforms) = postSolution
		{169FCD84-5AC8-4A8F-9E75-C7EE921E35BB}.Debug|Any CPU.ActiveCfg = Debug|Any CPU
		{169FCD84-5AC8-4A8F-9E75-C7EE921E35BB}.Debug|Any CPU.Build.0 = Debug|Any CPU
		{169FCD84-5AC8-4A8F-9E75-C7EE921E35BB}.Release|Any CPU.ActiveCfg = Release|Any CPU
		{169FCD84-5AC8-4A8F-9E75-C7EE921E35BB}.Release|Any CPU.Build.0 = Release|Any CPU
	EndGlobalSection
	GlobalSection(SolutionProperties) = preSolution
		HideSolutionNode = FALSE
	EndGlobalSection
	GlobalSection(ExtensibilityGlobals) = postSolution
		SolutionGuid = {50FC3FB8-277C-4F5F-9187-A00541605868}
	EndGlobalSection
EndGlobal
